PATH
  remote: /home/aaron/Projects/Personal/pluginaweek/state_machine
  specs:
    state_machine (1.1.2)

GEM
  remote: http://www.rubygems.org/
  specs:
    addressable (2.0.2)
    appraisal (0.4.0)
      bundler
      rake
    data_objects (0.9.11)
      addressable (~> 2.0)
      extlib (~> 0.9.9)
    dm-core (0.9.11)
      addressable (~> 2.0.2)
      data_objects (~> 0.9.11)
      extlib (~> 0.9.11)
    dm-migrations (0.9.11)
      dm-core (= 0.9.11)
    dm-observer (0.9.11)
      dm-core (= 0.9.11)
    dm-validations (0.9.11)
      dm-core (= 0.9.11)
    do_sqlite3 (0.9.11)
      data_objects (= 0.9.11)
    extlib (0.9.15)
    multi_json (1.0.4)
    rake (0.9.2.2)
    simplecov (0.5.4)
      multi_json (~> 1.0.3)
      simplecov-html (~> 0.5.3)
    simplecov-html (0.5.3)

PLATFORMS
  java
  ruby

DEPENDENCIES
  appraisal (~> 0.4.0)
  data_objects (= 0.9.11)
  dm-core (= 0.9.11)
  dm-migrations (= 0.9.11)
  dm-observer (= 0.9.11)
  dm-validations (= 0.9.11)
  do_sqlite3 (= 0.9.11)
  rake
  simplecov
  state_machine!
