PATH
  remote: /home/aaron/Projects/Personal/pluginaweek/state_machine
  specs:
    state_machine (1.1.2)

GEM
  remote: http://www.rubygems.org/
  specs:
    addressable (2.2.6)
    appraisal (0.4.0)
      bundler
      rake
    data_objects (0.10.7)
      addressable (~> 2.1)
    dm-core (1.2.0)
      addressable (~> 2.2.6)
    dm-do-adapter (1.2.0)
      data_objects (~> 0.10.6)
      dm-core (~> 1.2.0)
    dm-migrations (1.2.0)
      dm-core (~> 1.2.0)
    dm-observer (1.2.0)
      dm-core (~> 1.2.0)
    dm-sqlite-adapter (1.2.0)
      dm-do-adapter (~> 1.2.0)
      do_sqlite3 (~> 0.10.6)
    dm-transactions (1.2.0)
      dm-core (~> 1.2.0)
    dm-validations (1.2.0)
      dm-core (~> 1.2.0)
    do_jdbc (0.10.7-java)
      data_objects (= 0.10.7)
    do_sqlite3 (0.10.7)
      data_objects (= 0.10.7)
    do_sqlite3 (0.10.7-java)
      data_objects (= 0.10.7)
      do_jdbc (= 0.10.7)
      jdbc-sqlite3 (>= 3.5.8)
    jdbc-sqlite3 (3.7.2)
    multi_json (1.0.4)
    rake (0.9.2.2)
    simplecov (0.5.4)
      multi_json (~> 1.0.3)
      simplecov-html (~> 0.5.3)
    simplecov-html (0.5.3)

PLATFORMS
  java
  ruby

DEPENDENCIES
  appraisal (~> 0.4.0)
  dm-core (= 1.2.0)
  dm-migrations (= 1.2.0)
  dm-observer (= 1.2.0)
  dm-sqlite-adapter (= 1.2.0)
  dm-transactions (= 1.2.0)
  dm-validations (= 1.2.0)
  rake
  simplecov
  state_machine!
