PATH
  remote: /home/aaron/Projects/Personal/pluginaweek/state_machine
  specs:
    state_machine (1.1.2)

GEM
  remote: http://www.rubygems.org/
  specs:
    addressable (2.2.6)
    appraisal (0.4.0)
      bundler
      rake
    data_objects (0.9.4)
      addressable (>= 1.0.3)
      extlib (= 0.9.4)
    diff-lcs (1.1.3)
    dm-core (0.9.4)
      addressable (>= 1.0.4)
      data_objects (= 0.9.4)
      extlib (= 0.9.4)
      rspec (>= 1.1.3)
    dm-migrations (0.9.4)
      dm-core (= 0.9.4)
    dm-observer (0.9.4)
      dm-core (= 0.9.4)
    dm-validations (0.9.4)
      dm-core (= 0.9.4)
    do_sqlite3 (0.9.4)
      data_objects (= 0.9.4)
    english (0.6.3)
      language
    extlib (0.9.4)
      english (>= 0.2.0)
    language (0.6.0)
    multi_json (1.0.4)
    rake (0.9.2.2)
    rspec (2.7.0)
      rspec-core (~> 2.7.0)
      rspec-expectations (~> 2.7.0)
      rspec-mocks (~> 2.7.0)
    rspec-core (2.7.1)
    rspec-expectations (2.7.0)
      diff-lcs (~> 1.1.2)
    rspec-mocks (2.7.0)
    simplecov (0.5.4)
      multi_json (~> 1.0.3)
      simplecov-html (~> 0.5.3)
    simplecov-html (0.5.3)

PLATFORMS
  ruby

DEPENDENCIES
  appraisal (~> 0.4.0)
  data_objects (= 0.9.4)
  dm-core (= 0.9.4)
  dm-migrations (= 0.9.4)
  dm-observer (= 0.9.4)
  dm-validations (= 0.9.4)
  do_sqlite3 (= 0.9.4)
  rake
  simplecov
  state_machine!
