PATH
  remote: /home/aaron/Projects/Personal/pluginaweek/state_machine
  specs:
    state_machine (1.1.2)

GEM
  remote: http://www.rubygems.org/
  specs:
    activesupport (2.3.11)
    appraisal (0.4.0)
      bundler
      rake
    bson (1.0.1)
    jnunemaker-validatable (1.8.4)
      activesupport (>= 2.3.4)
    mongo (1.0.1)
      bson (= 1.0.1)
    mongo_mapper (0.8.0)
      activesupport (>= 2.3.4)
      jnunemaker-validatable (~> 1.8.4)
      plucky (~> 0.3.0)
    multi_json (1.0.4)
    plucky (0.3.0)
      mongo (~> 1.0.1)
    rake (0.9.2.2)
    simplecov (0.5.4)
      multi_json (~> 1.0.3)
      simplecov-html (~> 0.5.3)
    simplecov-html (0.5.3)

PLATFORMS
  java
  ruby

DEPENDENCIES
  activesupport (= 2.3.11)
  appraisal (~> 0.4.0)
  mongo (= 1.0.1)
  mongo_mapper (= 0.8.0)
  plucky (= 0.3.0)
  rake
  simplecov
  state_machine!
